PODS:
  - camera_avfoundation (0.0.1):
    - Flutter
  - Flutter (1.0.0)
  - flutter_media_picker (0.0.1):
    - Flutter
  - integration_test (0.0.1):
    - Flutter
  - photo_manager (2.0.0):
    - Flutter
    - FlutterMacOS

DEPENDENCIES:
  - camera_avfoundation (from `.symlinks/plugins/camera_avfoundation/ios`)
  - Flutter (from `Flutter`)
  - flutter_media_picker (from `.symlinks/plugins/flutter_media_picker/ios`)
  - integration_test (from `.symlinks/plugins/integration_test/ios`)
  - photo_manager (from `.symlinks/plugins/photo_manager/ios`)

EXTERNAL SOURCES:
  camera_avfoundation:
    :path: ".symlinks/plugins/camera_avfoundation/ios"
  Flutter:
    :path: Flutter
  flutter_media_picker:
    :path: ".symlinks/plugins/flutter_media_picker/ios"
  integration_test:
    :path: ".symlinks/plugins/integration_test/ios"
  photo_manager:
    :path: ".symlinks/plugins/photo_manager/ios"

SPEC CHECKSUMS:
  camera_avfoundation: 759172d1a77ae7be0de08fc104cfb79738b8a59e
  Flutter: e0871f40cf51350855a761d2e70bf5af5b9b5de7
  flutter_media_picker: 8509519bea6c61a1febfd780f77ac9ef124ec836
  integration_test: ce0a3ffa1de96d1a89ca0ac26fca7ea18a749ef4
  photo_manager: ff695c7a1dd5bc379974953a2b5c0a293f7c4c8a

PODFILE CHECKSUM: 819463e6a0290f5a72f145ba7cde16e8b6ef0796

COCOAPODS: 1.14.3
